
Microsoft Visual Studio Solution File, Format Version 12.00
# Visual Studio Version 17
VisualStudioVersion = 17.5.33516.290
MinimumVisualStudioVersion = 10.0.40219.1
Project("{FAE04EC0-301F-11D3-BF4B-00C04F79EFBC}") = "NowPlaying", "source\NowPlaying.csproj", "{3D58CFBA-DF59-4F4A-BDD3-6AC48B3A5886}"
EndProject
Project("{2150E333-8FDC-42A3-9474-1A3956D46DE8}") = "Solution Items", "Solution Items", "{AB9EAF0A-D3A0-4050-98D7-8B5ED067257E}"
	ProjectSection(SolutionItems) = preProject
		.gitignore = .gitignore
		README.md = README.md
	EndProjectSection
EndProject
Project("{2150E333-8FDC-42A3-9474-1A3956D46DE8}") = "manifests", "manifests", "{46313F0A-8304-4271-A4C6-40F69E879E53}"
	ProjectSection(SolutionItems) = preProject
		manifests\gittromney_NowPlayingLibrary.yaml = manifests\gittromney_NowPlayingLibrary.yaml
		manifests\Library_NowPlaying.yaml = manifests\Library_NowPlaying.yaml
	EndProjectSection
EndProject
Global
	GlobalSection(SolutionConfigurationPlatforms) = preSolution
		Debug|Any CPU = Debug|Any CPU
		Debug|x64 = Debug|x64
		Debug|x86 = Debug|x86
		Release|Any CPU = Release|Any CPU
		Release|x64 = Release|x64
		Release|x86 = Release|x86
	EndGlobalSection
	GlobalSection(ProjectConfigurationPlatforms) = postSolution
		{3D58CFBA-DF59-4F4A-BDD3-6AC48B3A5886}.Debug|Any CPU.ActiveCfg = Debug|Any CPU
		{3D58CFBA-DF59-4F4A-BDD3-6AC48B3A5886}.Debug|Any CPU.Build.0 = Debug|Any CPU
		{3D58CFBA-DF59-4F4A-BDD3-6AC48B3A5886}.Debug|x64.ActiveCfg = Debug|Any CPU
		{3D58CFBA-DF59-4F4A-BDD3-6AC48B3A5886}.Debug|x64.Build.0 = Debug|Any CPU
		{3D58CFBA-DF59-4F4A-BDD3-6AC48B3A5886}.Debug|x86.ActiveCfg = Debug|Any CPU
		{3D58CFBA-DF59-4F4A-BDD3-6AC48B3A5886}.Debug|x86.Build.0 = Debug|Any CPU
		{3D58CFBA-DF59-4F4A-BDD3-6AC48B3A5886}.Release|Any CPU.ActiveCfg = Release|Any CPU
		{3D58CFBA-DF59-4F4A-BDD3-6AC48B3A5886}.Release|Any CPU.Build.0 = Release|Any CPU
		{3D58CFBA-DF59-4F4A-BDD3-6AC48B3A5886}.Release|x64.ActiveCfg = Release|Any CPU
		{3D58CFBA-DF59-4F4A-BDD3-6AC48B3A5886}.Release|x64.Build.0 = Release|Any CPU
		{3D58CFBA-DF59-4F4A-BDD3-6AC48B3A5886}.Release|x86.ActiveCfg = Release|Any CPU
		{3D58CFBA-DF59-4F4A-BDD3-6AC48B3A5886}.Release|x86.Build.0 = Release|Any CPU
	EndGlobalSection
	GlobalSection(SolutionProperties) = preSolution
		HideSolutionNode = FALSE
	EndGlobalSection
	GlobalSection(ExtensibilityGlobals) = postSolution
		SolutionGuid = {620DAE38-0360-4A4F-A05E-7FE07CD0E592}
	EndGlobalSection
EndGlobal
